// !$*UTF8*$!
{
	archiveVersion = 1;
	classes = {
	};
	objectVersion = 50;
	objects = {

/* Begin PBXBuildFile section */
		B504600F23D3001100AE4732 /* WebsitesViewController.swift in Sources */ = {isa = PBXBuildFile; fileRef = B504600E23D3001100AE4732 /* WebsitesViewController.swift */; };
		B504601123D305AD00AE4732 /* Websites.swift in Sources */ = {isa = PBXBuildFile; fileRef = B504601023D305AD00AE4732 /* Websites.swift */; };
		B5C49DBC23D2A29900180D99 /* AppDelegate.swift in Sources */ = {isa = PBXBuildFile; fileRef = B5C49DBB23D2A29900180D99 /* AppDelegate.swift */; };
		B5C49DBE23D2A29900180D99 /* SceneDelegate.swift in Sources */ = {isa = PBXBuildFile; fileRef = B5C49DBD23D2A29900180D99 /* SceneDelegate.swift */; };
		B5C49DC023D2A29900180D99 /* ViewController.swift in Sources */ = {isa = PBXBuildFile; fileRef = B5C49DBF23D2A29900180D99 /* ViewController.swift */; };
		B5C49DC323D2A29900180D99 /* Main.storyboard in Resources */ = {isa = PBXBuildFile; fileRef = B5C49DC123D2A29900180D99 /* Main.storyboard */; };
		B5C49DC523D2A29A00180D99 /* Assets.xcassets in Resources */ = {isa = PBXBuildFile; fileRef = B5C49DC423D2A29A00180D99 /* Assets.xcassets */; };
		B5C49DC823D2A29A00180D99 /* LaunchScreen.storyboard in Resources */ = {isa = PBXBuildFile; fileRef = B5C49DC623D2A29A00180D99 /* LaunchScreen.storyboard */; };
		B5C49DD323D2A29A00180D99 /* Project4Tests.swift in Sources */ = {isa = PBXBuildFile; fileRef = B5C49DD223D2A29A00180D99 /* Project4Tests.swift */; };
		B5C49DDE23D2A29A00180D99 /* Project4UITests.swift in Sources */ = {isa = PBXBuildFile; fileRef = B5C49DDD23D2A29A00180D99 /* Project4UITests.swift */; };
/* End PBXBuildFile section */

/* Begin PBXContainerItemProxy section */
		B5C49DCF23D2A29A00180D99 /* PBXContainerItemProxy */ = {
			isa = PBXContainerItemProxy;
			containerPortal = B5C49DB023D2A29900180D99 /* Project object */;
			proxyType = 1;
			remoteGlobalIDString = B5C49DB723D2A29900180D99;
			remoteInfo = Project4;
		};
		B5C49DDA23D2A29A00180D99 /* PBXContainerItemProxy */ = {
			isa = PBXContainerItemProxy;
			containerPortal = B5C49DB023D2A29900180D99 /* Project object */;
			proxyType = 1;
			remoteGlobalIDString = B5C49DB723D2A29900180D99;
			remoteInfo = Project4;
		};
/* End PBXContainerItemProxy section */

/* Begin PBXFileReference section */
		B504600E23D3001100AE4732 /* WebsitesViewController.swift */ = {isa = PBXFileReference; lastKnownFileType = sourcecode.swift; path = WebsitesViewController.swift; sourceTree = "<group>"; };
		B504601023D305AD00AE4732 /* Websites.swift */ = {isa = PBXFileReference; lastKnownFileType = sourcecode.swift; path = Websites.swift; sourceTree = "<group>"; };
		B5C49DB823D2A29900180D99 /* Project4.app */ = {isa = PBXFileReference; explicitFileType = wrapper.application; includeInIndex = 0; path = Project4.app; sourceTree = BUILT_PRODUCTS_DIR; };
		B5C49DBB23D2A29900180D99 /* AppDelegate.swift */ = {isa = PBXFileReference; lastKnownFileType = sourcecode.swift; path = AppDelegate.swift; sourceTree = "<group>"; };
		B5C49DBD23D2A29900180D99 /* SceneDelegate.swift */ = {isa = PBXFileReference; lastKnownFileType = sourcecode.swift; path = SceneDelegate.swift; sourceTree = "<group>"; };
		B5C49DBF23D2A29900180D99 /* ViewController.swift */ = {isa = PBXFileReference; lastKnownFileType = sourcecode.swift; path = ViewController.swift; sourceTree = "<group>"; };
		B5C49DC223D2A29900180D99 /* Base */ = {isa = PBXFileReference; lastKnownFileType = file.storyboard; name = Base; path = Base.lproj/Main.storyboard; sourceTree = "<group>"; };
		B5C49DC423D2A29A00180D99 /* Assets.xcassets */ = {isa = PBXFileReference; lastKnownFileType = folder.assetcatalog; path = Assets.xcassets; sourceTree = "<group>"; };
		B5C49DC723D2A29A00180D99 /* Base */ = {isa = PBXFileReference; lastKnownFileType = file.storyboard; name = Base; path = Base.lproj/LaunchScreen.storyboard; sourceTree = "<group>"; };
		B5C49DC923D2A29A00180D99 /* Info.plist */ = {isa = PBXFileReference; lastKnownFileType = text.plist.xml; path = Info.plist; sourceTree = "<group>"; };
		B5C49DCE23D2A29A00180D99 /* Project4Tests.xctest */ = {isa = PBXFileReference; explicitFileType = wrapper.cfbundle; includeInIndex = 0; path = Project4Tests.xctest; sourceTree = BUILT_PRODUCTS_DIR; };
		B5C49DD223D2A29A00180D99 /* Project4Tests.swift */ = {isa = PBXFileReference; lastKnownFileType = sourcecode.swift; path = Project4Tests.swift; sourceTree = "<group>"; };
		B5C49DD423D2A29A00180D99 /* Info.plist */ = {isa = PBXFileReference; lastKnownFileType = text.plist.xml; path = Info.plist; sourceTree = "<group>"; };
		B5C49DD923D2A29A00180D99 /* Project4UITests.xctest */ = {isa = PBXFileReference; explicitFileType = wrapper.cfbundle; includeInIndex = 0; path = Project4UITests.xctest; sourceTree = BUILT_PRODUCTS_DIR; };
		B5C49DDD23D2A29A00180D99 /* Project4UITests.swift */ = {isa = PBXFileReference; lastKnownFileType = sourcecode.swift; path = Project4UITests.swift; sourceTree = "<group>"; };
		B5C49DDF23D2A29A00180D99 /* Info.plist */ = {isa = PBXFileReference; lastKnownFileType = text.plist.xml; path = Info.plist; sourceTree = "<group>"; };
/* End PBXFileReference section */

/* Begin PBXFrameworksBuildPhase section */
		B5C49DB523D2A29900180D99 /* Frameworks */ = {
			isa = PBXFrameworksBuildPhase;
			buildActionMask = 2147483647;
			files = (
			);
			runOnlyForDeploymentPostprocessing = 0;
		};
		B5C49DCB23D2A29A00180D99 /* Frameworks */ = {
			isa = PBXFrameworksBuildPhase;
			buildActionMask = 2147483647;
			files = (
			);
			runOnlyForDeploymentPostprocessing = 0;
		};
		B5C49DD623D2A29A00180D99 /* Frameworks */ = {
			isa = PBXFrameworksBuildPhase;
			buildActionMask = 2147483647;
			files = (
			);
			runOnlyForDeploymentPostprocessing = 0;
		};
/* End PBXFrameworksBuildPhase section */

/* Begin PBXGroup section */
		B5C49DAF23D2A29900180D99 = {
			isa = PBXGroup;
			children = (
				B5C49DBA23D2A29900180D99 /* Project4 */,
				B5C49DD123D2A29A00180D99 /* Project4Tests */,
				B5C49DDC23D2A29A00180D99 /* Project4UITests */,
				B5C49DB923D2A29900180D99 /* Products */,
			);
			sourceTree = "<group>";
		};
		B5C49DB923D2A29900180D99 /* Products */ = {
			isa = PBXGroup;
			children = (
				B5C49DB823D2A29900180D99 /* Project4.app */,
				B5C49DCE23D2A29A00180D99 /* Project4Tests.xctest */,
				B5C49DD923D2A29A00180D99 /* Project4UITests.xctest */,
			);
			name = Products;
			sourceTree = "<group>";
		};
		B5C49DBA23D2A29900180D99 /* Project4 */ = {
			isa = PBXGroup;
			children = (
				B5C49DBB23D2A29900180D99 /* AppDelegate.swift */,
				B5C49DBD23D2A29900180D99 /* SceneDelegate.swift */,
				B504600E23D3001100AE4732 /* WebsitesViewController.swift */,
				B5C49DBF23D2A29900180D99 /* ViewController.swift */,
				B504601023D305AD00AE4732 /* Websites.swift */,
				B5C49DC123D2A29900180D99 /* Main.storyboard */,
				B5C49DC423D2A29A00180D99 /* Assets.xcassets */,
				B5C49DC623D2A29A00180D99 /* LaunchScreen.storyboard */,
				B5C49DC923D2A29A00180D99 /* Info.plist */,
			);
			path = Project4;
			sourceTree = "<group>";
		};
		B5C49DD123D2A29A00180D99 /* Project4Tests */ = {
			isa = PBXGroup;
			children = (
				B5C49DD223D2A29A00180D99 /* Project4Tests.swift */,
				B5C49DD423D2A29A00180D99 /* Info.plist */,
			);
			path = Project4Tests;
			sourceTree = "<group>";
		};
		B5C49DDC23D2A29A00180D99 /* Project4UITests */ = {
			isa = PBXGroup;
			children = (
				B5C49DDD23D2A29A00180D99 /* Project4UITests.swift */,
				B5C49DDF23D2A29A00180D99 /* Info.plist */,
			);
			path = Project4UITests;
			sourceTree = "<group>";
		};
/* End PBXGroup section */

/* Begin PBXNativeTarget section */
		B5C49DB723D2A29900180D99 /* Project4 */ = {
			isa = PBXNativeTarget;
			buildConfigurationList = B5C49DE223D2A29A00180D99 /* Build configuration list for PBXNativeTarget "Project4" */;
			buildPhases = (
				B5C49DB423D2A29900180D99 /* Sources */,
				B5C49DB523D2A29900180D99 /* Frameworks */,
				B5C49DB623D2A29900180D99 /* Resources */,
			);
			buildRules = (
			);
			dependencies = (
			);
			name = Project4;
			productName = Project4;
			productReference = B5C49DB823D2A29900180D99 /* Project4.app */;
			productType = "com.apple.product-type.application";
		};
		B5C49DCD23D2A29A00180D99 /* Project4Tests */ = {
			isa = PBXNativeTarget;
			buildConfigurationList = B5C49DE523D2A29A00180D99 /* Build configuration list for PBXNativeTarget "Project4Tests" */;
			buildPhases = (
				B5C49DCA23D2A29A00180D99 /* Sources */,
				B5C49DCB23D2A29A00180D99 /* Frameworks */,
				B5C49DCC23D2A29A00180D99 /* Resources */,
			);
			buildRules = (
			);
			dependencies = (
				B5C49DD023D2A29A00180D99 /* PBXTargetDependency */,
			);
			name = Project4Tests;
			productName = Project4Tests;
			productReference = B5C49DCE23D2A29A00180D99 /* Project4Tests.xctest */;
			productType = "com.apple.product-type.bundle.unit-test";
		};
		B5C49DD823D2A29A00180D99 /* Project4UITests */ = {
			isa = PBXNativeTarget;
			buildConfigurationList = B5C49DE823D2A29A00180D99 /* Build configuration list for PBXNativeTarget "Project4UITests" */;
			buildPhases = (
				B5C49DD523D2A29A00180D99 /* Sources */,
				B5C49DD623D2A29A00180D99 /* Frameworks */,
				B5C49DD723D2A29A00180D99 /* Resources */,
			);
			buildRules = (
			);
			dependencies = (
				B5C49DDB23D2A29A00180D99 /* PBXTargetDependency */,
			);
			name = Project4UITests;
			productName = Project4UITests;
			productReference = B5C49DD923D2A29A00180D99 /* Project4UITests.xctest */;
			productType = "com.apple.product-type.bundle.ui-testing";
		};
/* End PBXNativeTarget section */

/* Begin PBXProject section */
		B5C49DB023D2A29900180D99 /* Project object */ = {
			isa = PBXProject;
			attributes = {
				LastSwiftUpdateCheck = 1130;
				LastUpgradeCheck = 1130;
				ORGANIZATIONNAME = "Đặng Quang Hưng";
				TargetAttributes = {
					B5C49DB723D2A29900180D99 = {
						CreatedOnToolsVersion = 11.3.1;
					};
					B5C49DCD23D2A29A00180D99 = {
						CreatedOnToolsVersion = 11.3.1;
						TestTargetID = B5C49DB723D2A29900180D99;
					};
					B5C49DD823D2A29A00180D99 = {
						CreatedOnToolsVersion = 11.3.1;
						TestTargetID = B5C49DB723D2A29900180D99;
					};
				};
			};
			buildConfigurationList = B5C49DB323D2A29900180D99 /* Build configuration list for PBXProject "Project4" */;
			compatibilityVersion = "Xcode 9.3";
			developmentRegion = en;
			hasScannedForEncodings = 0;
			knownRegions = (
				en,
				Base,
			);
			mainGroup = B5C49DAF23D2A29900180D99;
			productRefGroup = B5C49DB923D2A29900180D99 /* Products */;
			projectDirPath = "";
			projectRoot = "";
			targets = (
				B5C49DB723D2A29900180D99 /* Project4 */,
				B5C49DCD23D2A29A00180D99 /* Project4Tests */,
				B5C49DD823D2A29A00180D99 /* Project4UITests */,
			);
		};
/* End PBXProject section */

/* Begin PBXResourcesBuildPhase section */
		B5C49DB623D2A29900180D99 /* Resources */ = {
			isa = PBXResourcesBuildPhase;
			buildActionMask = 2147483647;
			files = (
				B5C49DC823D2A29A00180D99 /* LaunchScreen.storyboard in Resources */,
				B5C49DC523D2A29A00180D99 /* Assets.xcassets in Resources */,
				B5C49DC323D2A29900180D99 /* Main.storyboard in Resources */,
			);
			runOnlyForDeploymentPostprocessing = 0;
		};
		B5C49DCC23D2A29A00180D99 /* Resources */ = {
			isa = PBXResourcesBuildPhase;
			buildActionMask = 2147483647;
			files = (
			);
			runOnlyForDeploymentPostprocessing = 0;
		};
		B5C49DD723D2A29A00180D99 /* Resources */ = {
			isa = PBXResourcesBuildPhase;
			buildActionMask = 2147483647;
			files = (
			);
			runOnlyForDeploymentPostprocessing = 0;
		};
/* End PBXResourcesBuildPhase section */

/* Begin PBXSourcesBuildPhase section */
		B5C49DB423D2A29900180D99 /* Sources */ = {
			isa = PBXSourcesBuildPhase;
			buildActionMask = 2147483647;
			files = (
				B504600F23D3001100AE4732 /* WebsitesViewController.swift in Sources */,
				B5C49DC023D2A29900180D99 /* ViewController.swift in Sources */,
				B504601123D305AD00AE4732 /* Websites.swift in Sources */,
				B5C49DBC23D2A29900180D99 /* AppDelegate.swift in Sources */,
				B5C49DBE23D2A29900180D99 /* SceneDelegate.swift in Sources */,
			);
			runOnlyForDeploymentPostprocessing = 0;
		};
		B5C49DCA23D2A29A00180D99 /* Sources */ = {
			isa = PBXSourcesBuildPhase;
			buildActionMask = 2147483647;
			files = (
				B5C49DD323D2A29A00180D99 /* Project4Tests.swift in Sources */,
			);
			runOnlyForDeploymentPostprocessing = 0;
		};
		B5C49DD523D2A29A00180D99 /* Sources */ = {
			isa = PBXSourcesBuildPhase;
			buildActionMask = 2147483647;
			files = (
				B5C49DDE23D2A29A00180D99 /* Project4UITests.swift in Sources */,
			);
			runOnlyForDeploymentPostprocessing = 0;
		};
/* End PBXSourcesBuildPhase section */

/* Begin PBXTargetDependency section */
		B5C49DD023D2A29A00180D99 /* PBXTargetDependency */ = {
			isa = PBXTargetDependency;
			target = B5C49DB723D2A29900180D99 /* Project4 */;
			targetProxy = B5C49DCF23D2A29A00180D99 /* PBXContainerItemProxy */;
		};
		B5C49DDB23D2A29A00180D99 /* PBXTargetDependency */ = {
			isa = PBXTargetDependency;
			target = B5C49DB723D2A29900180D99 /* Project4 */;
			targetProxy = B5C49DDA23D2A29A00180D99 /* PBXContainerItemProxy */;
		};
/* End PBXTargetDependency section */

/* Begin PBXVariantGroup section */
		B5C49DC123D2A29900180D99 /* Main.storyboard */ = {
			isa = PBXVariantGroup;
			children = (
				B5C49DC223D2A29900180D99 /* Base */,
			);
			name = Main.storyboard;
			sourceTree = "<group>";
		};
		B5C49DC623D2A29A00180D99 /* LaunchScreen.storyboard */ = {
			isa = PBXVariantGroup;
			children = (
				B5C49DC723D2A29A00180D99 /* Base */,
			);
			name = LaunchScreen.storyboard;
			sourceTree = "<group>";
		};
/* End PBXVariantGroup section */

/* Begin XCBuildConfiguration section */
		B5C49DE023D2A29A00180D99 /* Debug */ = {
			isa = XCBuildConfiguration;
			buildSettings = {
				ALWAYS_SEARCH_USER_PATHS = NO;
				CLANG_ANALYZER_NONNULL = YES;
				CLANG_ANALYZER_NUMBER_OBJECT_CONVERSION = YES_AGGRESSIVE;
				CLANG_CXX_LANGUAGE_STANDARD = "gnu++14";
				CLANG_CXX_LIBRARY = "libc++";
				CLANG_ENABLE_MODULES = YES;
				CLANG_ENABLE_OBJC_ARC = YES;
				CLANG_ENABLE_OBJC_WEAK = YES;
				CLANG_WARN_BLOCK_CAPTURE_AUTORELEASING = YES;
				CLANG_WARN_BOOL_CONVERSION = YES;
				CLANG_WARN_COMMA = YES;
				CLANG_WARN_CONSTANT_CONVERSION = YES;
				CLANG_WARN_DEPRECATED_OBJC_IMPLEMENTATIONS = YES;
				CLANG_WARN_DIRECT_OBJC_ISA_USAGE = YES_ERROR;
				CLANG_WARN_DOCUMENTATION_COMMENTS = YES;
				CLANG_WARN_EMPTY_BODY = YES;
				CLANG_WARN_ENUM_CONVERSION = YES;
				CLANG_WARN_INFINITE_RECURSION = YES;
				CLANG_WARN_INT_CONVERSION = YES;
				CLANG_WARN_NON_LITERAL_NULL_CONVERSION = YES;
				CLANG_WARN_OBJC_IMPLICIT_RETAIN_SELF = YES;
				CLANG_WARN_OBJC_LITERAL_CONVERSION = YES;
				CLANG_WARN_OBJC_ROOT_CLASS = YES_ERROR;
				CLANG_WARN_RANGE_LOOP_ANALYSIS = YES;
				CLANG_WARN_STRICT_PROTOTYPES = YES;
				CLANG_WARN_SUSPICIOUS_MOVE = YES;
				CLANG_WARN_UNGUARDED_AVAILABILITY = YES_AGGRESSIVE;
				CLANG_WARN_UNREACHABLE_CODE = YES;
				CLANG_WARN__DUPLICATE_METHOD_MATCH = YES;
				COPY_PHASE_STRIP = NO;
				DEBUG_INFORMATION_FORMAT = dwarf;
				ENABLE_STRICT_OBJC_MSGSEND = YES;
				ENABLE_TESTABILITY = YES;
				GCC_C_LANGUAGE_STANDARD = gnu11;
				GCC_DYNAMIC_NO_PIC = NO;
				GCC_NO_COMMON_BLOCKS = YES;
				GCC_OPTIMIZATION_LEVEL = 0;
				GCC_PREPROCESSOR_DEFINITIONS = (
					"DEBUG=1",
					"$(inherited)",
				);
				GCC_WARN_64_TO_32_BIT_CONVERSION = YES;
				GCC_WARN_ABOUT_RETURN_TYPE = YES_ERROR;
				GCC_WARN_UNDECLARED_SELECTOR = YES;
				GCC_WARN_UNINITIALIZED_AUTOS = YES_AGGRESSIVE;
				GCC_WARN_UNUSED_FUNCTION = YES;
				GCC_WARN_UNUSED_VARIABLE = YES;
				IPHONEOS_DEPLOYMENT_TARGET = 13.2;
				MTL_ENABLE_DEBUG_INFO = INCLUDE_SOURCE;
				MTL_FAST_MATH = YES;
				ONLY_ACTIVE_ARCH = YES;
				SDKROOT = iphoneos;
				SWIFT_ACTIVE_COMPILATION_CONDITIONS = DEBUG;
				SWIFT_OPTIMIZATION_LEVEL = "-Onone";
			};
			name = Debug;
		};
		B5C49DE123D2A29A00180D99 /* Release */ = {
			isa = XCBuildConfiguration;
			buildSettings = {
				ALWAYS_SEARCH_USER_PATHS = NO;
				CLANG_ANALYZER_NONNULL = YES;
				CLANG_ANALYZER_NUMBER_OBJECT_CONVERSION = YES_AGGRESSIVE;
				CLANG_CXX_LANGUAGE_STANDARD = "gnu++14";
				CLANG_CXX_LIBRARY = "libc++";
				CLANG_ENABLE_MODULES = YES;
				CLANG_ENABLE_OBJC_ARC = YES;
				CLANG_ENABLE_OBJC_WEAK = YES;
				CLANG_WARN_BLOCK_CAPTURE_AUTORELEASING = YES;
				CLANG_WARN_BOOL_CONVERSION = YES;
				CLANG_WARN_COMMA = YES;
				CLANG_WARN_CONSTANT_CONVERSION = YES;
				CLANG_WARN_DEPRECATED_OBJC_IMPLEMENTATIONS = YES;
				CLANG_WARN_DIRECT_OBJC_ISA_USAGE = YES_ERROR;
				CLANG_WARN_DOCUMENTATION_COMMENTS = YES;
				CLANG_WARN_EMPTY_BODY = YES;
				CLANG_WARN_ENUM_CONVERSION = YES;
				CLANG_WARN_INFINITE_RECURSION = YES;
				CLANG_WARN_INT_CONVERSION = YES;
				CLANG_WARN_NON_LITERAL_NULL_CONVERSION = YES;
				CLANG_WARN_OBJC_IMPLICIT_RETAIN_SELF = YES;
				CLANG_WARN_OBJC_LITERAL_CONVERSION = YES;
				CLANG_WARN_OBJC_ROOT_CLASS = YES_ERROR;
				CLANG_WARN_RANGE_LOOP_ANALYSIS = YES;
				CLANG_WARN_STRICT_PROTOTYPES = YES;
				CLANG_WARN_SUSPICIOUS_MOVE = YES;
				CLANG_WARN_UNGUARDED_AVAILABILITY = YES_AGGRESSIVE;
				CLANG_WARN_UNREACHABLE_CODE = YES;
				CLANG_WARN__DUPLICATE_METHOD_MATCH = YES;
				COPY_PHASE_STRIP = NO;
				DEBUG_INFORMATION_FORMAT = "dwarf-with-dsym";
				ENABLE_NS_ASSERTIONS = NO;
				ENABLE_STRICT_OBJC_MSGSEND = YES;
				GCC_C_LANGUAGE_STANDARD = gnu11;
				GCC_NO_COMMON_BLOCKS = YES;
				GCC_WARN_64_TO_32_BIT_CONVERSION = YES;
				GCC_WARN_ABOUT_RETURN_TYPE = YES_ERROR;
				GCC_WARN_UNDECLARED_SELECTOR = YES;
				GCC_WARN_UNINITIALIZED_AUTOS = YES_AGGRESSIVE;
				GCC_WARN_UNUSED_FUNCTION = YES;
				GCC_WARN_UNUSED_VARIABLE = YES;
				IPHONEOS_DEPLOYMENT_TARGET = 13.2;
				MTL_ENABLE_DEBUG_INFO = NO;
				MTL_FAST_MATH = YES;
				SDKROOT = iphoneos;
				SWIFT_COMPILATION_MODE = wholemodule;
				SWIFT_OPTIMIZATION_LEVEL = "-O";
				VALIDATE_PRODUCT = YES;
			};
			name = Release;
		};
		B5C49DE323D2A29A00180D99 /* Debug */ = {
			isa = XCBuildConfiguration;
			buildSettings = {
				ASSETCATALOG_COMPILER_APPICON_NAME = AppIcon;
				CODE_SIGN_STYLE = Automatic;
				INFOPLIST_FILE = Project4/Info.plist;
				LD_RUNPATH_SEARCH_PATHS = (
					"$(inherited)",
					"@executable_path/Frameworks",
				);
				PRODUCT_BUNDLE_IDENTIFIER = vn.hungqd.Project4;
				PRODUCT_NAME = "$(TARGET_NAME)";
				SWIFT_VERSION = 5.0;
				TARGETED_DEVICE_FAMILY = "1,2";
			};
			name = Debug;
		};
		B5C49DE423D2A29A00180D99 /* Release */ = {
			isa = XCBuildConfiguration;
			buildSettings = {
				ASSETCATALOG_COMPILER_APPICON_NAME = AppIcon;
				CODE_SIGN_STYLE = Automatic;
				INFOPLIST_FILE = Project4/Info.plist;
				LD_RUNPATH_SEARCH_PATHS = (
					"$(inherited)",
					"@executable_path/Frameworks",
				);
				PRODUCT_BUNDLE_IDENTIFIER = vn.hungqd.Project4;
				PRODUCT_NAME = "$(TARGET_NAME)";
				SWIFT_VERSION = 5.0;
				TARGETED_DEVICE_FAMILY = "1,2";
			};
			name = Release;
		};
		B5C49DE623D2A29A00180D99 /* Debug */ = {
			isa = XCBuildConfiguration;
			buildSettings = {
				ALWAYS_EMBED_SWIFT_STANDARD_LIBRARIES = YES;
				BUNDLE_LOADER = "$(TEST_HOST)";
				CODE_SIGN_STYLE = Automatic;
				INFOPLIST_FILE = Project4Tests/Info.plist;
				IPHONEOS_DEPLOYMENT_TARGET = 13.2;
				LD_RUNPATH_SEARCH_PATHS = (
					"$(inherited)",
					"@executable_path/Frameworks",
					"@loader_path/Frameworks",
				);
				PRODUCT_BUNDLE_IDENTIFIER = vn.hungqd.Project4Tests;
				PRODUCT_NAME = "$(TARGET_NAME)";
				SWIFT_VERSION = 5.0;
				TARGETED_DEVICE_FAMILY = "1,2";
				TEST_HOST = "$(BUILT_PRODUCTS_DIR)/Project4.app/Project4";
			};
			name = Debug;
		};
		B5C49DE723D2A29A00180D99 /* Release */ = {
			isa = XCBuildConfiguration;
			buildSettings = {
				ALWAYS_EMBED_SWIFT_STANDARD_LIBRARIES = YES;
				BUNDLE_LOADER = "$(TEST_HOST)";
				CODE_SIGN_STYLE = Automatic;
				INFOPLIST_FILE = Project4Tests/Info.plist;
				IPHONEOS_DEPLOYMENT_TARGET = 13.2;
				LD_RUNPATH_SEARCH_PATHS = (
					"$(inherited)",
					"@executable_path/Frameworks",
					"@loader_path/Frameworks",
				);
				PRODUCT_BUNDLE_IDENTIFIER = vn.hungqd.Project4Tests;
				PRODUCT_NAME = "$(TARGET_NAME)";
				SWIFT_VERSION = 5.0;
				TARGETED_DEVICE_FAMILY = "1,2";
				TEST_HOST = "$(BUILT_PRODUCTS_DIR)/Project4.app/Project4";
			};
			name = Release;
		};
		B5C49DE923D2A29A00180D99 /* Debug */ = {
			isa = XCBuildConfiguration;
			buildSettings = {
				ALWAYS_EMBED_SWIFT_STANDARD_LIBRARIES = YES;
				CODE_SIGN_STYLE = Automatic;
				INFOPLIST_FILE = Project4UITests/Info.plist;
				LD_RUNPATH_SEARCH_PATHS = (
					"$(inherited)",
					"@executable_path/Frameworks",
					"@loader_path/Frameworks",
				);
				PRODUCT_BUNDLE_IDENTIFIER = vn.hungqd.Project4UITests;
				PRODUCT_NAME = "$(TARGET_NAME)";
				SWIFT_VERSION = 5.0;
				TARGETED_DEVICE_FAMILY = "1,2";
				TEST_TARGET_NAME = Project4;
			};
			name = Debug;
		};
		B5C49DEA23D2A29A00180D99 /* Release */ = {
			isa = XCBuildConfiguration;
			buildSettings = {
				ALWAYS_EMBED_SWIFT_STANDARD_LIBRARIES = YES;
				CODE_SIGN_STYLE = Automatic;
				INFOPLIST_FILE = Project4UITests/Info.plist;
				LD_RUNPATH_SEARCH_PATHS = (
					"$(inherited)",
					"@executable_path/Frameworks",
					"@loader_path/Frameworks",
				);
				PRODUCT_BUNDLE_IDENTIFIER = vn.hungqd.Project4UITests;
				PRODUCT_NAME = "$(TARGET_NAME)";
				SWIFT_VERSION = 5.0;
				TARGETED_DEVICE_FAMILY = "1,2";
				TEST_TARGET_NAME = Project4;
			};
			name = Release;
		};
/* End XCBuildConfiguration section */

/* Begin XCConfigurationList section */
		B5C49DB323D2A29900180D99 /* Build configuration list for PBXProject "Project4" */ = {
			isa = XCConfigurationList;
			buildConfigurations = (
				B5C49DE023D2A29A00180D99 /* Debug */,
				B5C49DE123D2A29A00180D99 /* Release */,
			);
			defaultConfigurationIsVisible = 0;
			defaultConfigurationName = Release;
		};
		B5C49DE223D2A29A00180D99 /* Build configuration list for PBXNativeTarget "Project4" */ = {
			isa = XCConfigurationList;
			buildConfigurations = (
				B5C49DE323D2A29A00180D99 /* Debug */,
				B5C49DE423D2A29A00180D99 /* Release */,
			);
			defaultConfigurationIsVisible = 0;
			defaultConfigurationName = Release;
		};
		B5C49DE523D2A29A00180D99 /* Build configuration list for PBXNativeTarget "Project4Tests" */ = {
			isa = XCConfigurationList;
			buildConfigurations = (
				B5C49DE623D2A29A00180D99 /* Debug */,
				B5C49DE723D2A29A00180D99 /* Release */,
			);
			defaultConfigurationIsVisible = 0;
			defaultConfigurationName = Release;
		};
		B5C49DE823D2A29A00180D99 /* Build configuration list for PBXNativeTarget "Project4UITests" */ = {
			isa = XCConfigurationList;
			buildConfigurations = (
				B5C49DE923D2A29A00180D99 /* Debug */,
				B5C49DEA23D2A29A00180D99 /* Release */,
			);
			defaultConfigurationIsVisible = 0;
			defaultConfigurationName = Release;
		};
/* End XCConfigurationList section */
	};
	rootObject = B5C49DB023D2A29900180D99 /* Project object */;
}
